// !$*UTF8*$!
{
	archiveVersion = 1;
	classes = {
	};
	objectVersion = 48;
	objects = {

/* Begin PBXBuildFile section */
		88B18D621FBAEEF700AD1B1D /* main.cpp in Sources */ = {isa = PBXBuildFile; fileRef = 88B18D611FBAEEF700AD1B1D /* main.cpp */; };
/* End PBXBuildFile section */

/* Begin PBXCopyFilesBuildPhase section */
		88B18D5C1FBAEEF700AD1B1D /* CopyFiles */ = {
			isa = PBXCopyFilesBuildPhase;
			buildActionMask = 2147483647;
			dstPath = /usr/share/man/man1/;
			dstSubfolderSpec = 0;
			files = (
			);
			runOnlyForDeploymentPostprocessing = 1;
		};
/* End PBXCopyFilesBuildPhase section */

/* Begin PBXFileReference section */
		88B18D5E1FBAEEF700AD1B1D /* Visitor */ = {isa = PBXFileReference; explicitFileType = "compiled.mach-o.executable"; includeInIndex = 0; path = Visitor; sourceTree = BUILT_PRODUCTS_DIR; };
		88B18D611FBAEEF700AD1B1D /* main.cpp */ = {isa = PBXFileReference; lastKnownFileType = sourcecode.cpp.cpp; path = main.cpp; sourceTree = "<group>"; };
		88B18D691FBAEF1100AD1B1D /* Road.hpp */ = {isa = PBXFileReference; lastKnownFileType = sourcecode.cpp.h; path = Road.hpp; sourceTree = "<group>"; };
		88B18D6C1FBAEF5B00AD1B1D /* SandRoad.hpp */ = {isa = PBXFileReference; lastKnownFileType = sourcecode.cpp.h; path = SandRoad.hpp; sourceTree = "<group>"; };
		88B18D6F1FBAF09800AD1B1D /* Vehicle.hpp */ = {isa = PBXFileReference; lastKnownFileType = sourcecode.cpp.h; path = Vehicle.hpp; sourceTree = "<group>"; };
		88B18D721FBAF0EA00AD1B1D /* RaceCar.hpp */ = {isa = PBXFileReference; lastKnownFileType = sourcecode.cpp.h; path = RaceCar.hpp; sourceTree = "<group>"; };
/* End PBXFileReference section */

/* Begin PBXFrameworksBuildPhase section */
		88B18D5B1FBAEEF700AD1B1D /* Frameworks */ = {
			isa = PBXFrameworksBuildPhase;
			buildActionMask = 2147483647;
			files = (
			);
			runOnlyForDeploymentPostprocessing = 0;
		};
/* End PBXFrameworksBuildPhase section */

/* Begin PBXGroup section */
		88B18D551FBAEEF700AD1B1D = {
			isa = PBXGroup;
			children = (
				88B18D601FBAEEF700AD1B1D /* Visitor */,
				88B18D5F1FBAEEF700AD1B1D /* Products */,
			);
			sourceTree = "<group>";
		};
		88B18D5F1FBAEEF700AD1B1D /* Products */ = {
			isa = PBXGroup;
			children = (
				88B18D5E1FBAEEF700AD1B1D /* Visitor */,
			);
			name = Products;
			sourceTree = "<group>";
		};
		88B18D601FBAEEF700AD1B1D /* Visitor */ = {
			isa = PBXGroup;
			children = (
				88B18D611FBAEEF700AD1B1D /* main.cpp */,
				88B18D691FBAEF1100AD1B1D /* Road.hpp */,
				88B18D6C1FBAEF5B00AD1B1D /* SandRoad.hpp */,
				88B18D6F1FBAF09800AD1B1D /* Vehicle.hpp */,
				88B18D721FBAF0EA00AD1B1D /* RaceCar.hpp */,
			);
			path = Visitor;
			sourceTree = "<group>";
		};
/* End PBXGroup section */

/* Begin PBXNativeTarget section */
		88B18D5D1FBAEEF700AD1B1D /* Visitor */ = {
			isa = PBXNativeTarget;
			buildConfigurationList = 88B18D651FBAEEF700AD1B1D /* Build configuration list for PBXNativeTarget "Visitor" */;
			buildPhases = (
				88B18D5A1FBAEEF700AD1B1D /* Sources */,
				88B18D5B1FBAEEF700AD1B1D /* Frameworks */,
				88B18D5C1FBAEEF700AD1B1D /* CopyFiles */,
			);
			buildRules = (
			);
			dependencies = (
			);
			name = Visitor;
			productName = Visitor;
			productReference = 88B18D5E1FBAEEF700AD1B1D /* Visitor */;
			productType = "com.apple.product-type.tool";
		};
/* End PBXNativeTarget section */

/* Begin PBXProject section */
		88B18D561FBAEEF700AD1B1D /* Project object */ = {
			isa = PBXProject;
			attributes = {
				LastUpgradeCheck = 0910;
				ORGANIZATIONNAME = AMM;
				TargetAttributes = {
					88B18D5D1FBAEEF700AD1B1D = {
						CreatedOnToolsVersion = 9.1;
						ProvisioningStyle = Automatic;
					};
				};
			};
			buildConfigurationList = 88B18D591FBAEEF700AD1B1D /* Build configuration list for PBXProject "Visitor" */;
			compatibilityVersion = "Xcode 8.0";
			developmentRegion = en;
			hasScannedForEncodings = 0;
			knownRegions = (
				en,
			);
			mainGroup = 88B18D551FBAEEF700AD1B1D;
			productRefGroup = 88B18D5F1FBAEEF700AD1B1D /* Products */;
			projectDirPath = "";
			projectRoot = "";
			targets = (
				88B18D5D1FBAEEF700AD1B1D /* Visitor */,
			);
		};
/* End PBXProject section */

/* Begin PBXSourcesBuildPhase section */
		88B18D5A1FBAEEF700AD1B1D /* Sources */ = {
			isa = PBXSourcesBuildPhase;
			buildActionMask = 2147483647;
			files = (
				88B18D621FBAEEF700AD1B1D /* main.cpp in Sources */,
			);
			runOnlyForDeploymentPostprocessing = 0;
		};
/* End PBXSourcesBuildPhase section */

/* Begin XCBuildConfiguration section */
		88B18D631FBAEEF700AD1B1D /* Debug */ = {
			isa = XCBuildConfiguration;
			buildSettings = {
				ALWAYS_SEARCH_USER_PATHS = NO;
				CLANG_ANALYZER_NONNULL = YES;
				CLANG_ANALYZER_NUMBER_OBJECT_CONVERSION = YES_AGGRESSIVE;
				CLANG_CXX_LANGUAGE_STANDARD = "gnu++14";
				CLANG_CXX_LIBRARY = "libc++";
				CLANG_ENABLE_MODULES = YES;
				CLANG_ENABLE_OBJC_ARC = YES;
				CLANG_WARN_BLOCK_CAPTURE_AUTORELEASING = YES;
				CLANG_WARN_BOOL_CONVERSION = YES;
				CLANG_WARN_COMMA = YES;
				CLANG_WARN_CONSTANT_CONVERSION = YES;
				CLANG_WARN_DIRECT_OBJC_ISA_USAGE = YES_ERROR;
				CLANG_WARN_DOCUMENTATION_COMMENTS = YES;
				CLANG_WARN_EMPTY_BODY = YES;
				CLANG_WARN_ENUM_CONVERSION = YES;
				CLANG_WARN_INFINITE_RECURSION = YES;
				CLANG_WARN_INT_CONVERSION = YES;
				CLANG_WARN_NON_LITERAL_NULL_CONVERSION = YES;
				CLANG_WARN_OBJC_LITERAL_CONVERSION = YES;
				CLANG_WARN_OBJC_ROOT_CLASS = YES_ERROR;
				CLANG_WARN_RANGE_LOOP_ANALYSIS = YES;
				CLANG_WARN_STRICT_PROTOTYPES = YES;
				CLANG_WARN_SUSPICIOUS_MOVE = YES;
				CLANG_WARN_UNGUARDED_AVAILABILITY = YES_AGGRESSIVE;
				CLANG_WARN_UNREACHABLE_CODE = YES;
				CLANG_WARN__DUPLICATE_METHOD_MATCH = YES;
				CODE_SIGN_IDENTITY = "-";
				COPY_PHASE_STRIP = NO;
				DEBUG_INFORMATION_FORMAT = dwarf;
				ENABLE_STRICT_OBJC_MSGSEND = YES;
				ENABLE_TESTABILITY = YES;
				GCC_C_LANGUAGE_STANDARD = gnu11;
				GCC_DYNAMIC_NO_PIC = NO;
				GCC_NO_COMMON_BLOCKS = YES;
				GCC_OPTIMIZATION_LEVEL = 0;
				GCC_PREPROCESSOR_DEFINITIONS = (
					"DEBUG=1",
					"$(inherited)",
				);
				GCC_WARN_64_TO_32_BIT_CONVERSION = YES;
				GCC_WARN_ABOUT_RETURN_TYPE = YES_ERROR;
				GCC_WARN_UNDECLARED_SELECTOR = YES;
				GCC_WARN_UNINITIALIZED_AUTOS = YES_AGGRESSIVE;
				GCC_WARN_UNUSED_FUNCTION = YES;
				GCC_WARN_UNUSED_VARIABLE = YES;
				MACOSX_DEPLOYMENT_TARGET = 10.12;
				MTL_ENABLE_DEBUG_INFO = YES;
				ONLY_ACTIVE_ARCH = YES;
				SDKROOT = macosx;
			};
			name = Debug;
		};
		88B18D641FBAEEF700AD1B1D /* Release */ = {
			isa = XCBuildConfiguration;
			buildSettings = {
				ALWAYS_SEARCH_USER_PATHS = NO;
				CLANG_ANALYZER_NONNULL = YES;
				CLANG_ANALYZER_NUMBER_OBJECT_CONVERSION = YES_AGGRESSIVE;
				CLANG_CXX_LANGUAGE_STANDARD = "gnu++14";
				CLANG_CXX_LIBRARY = "libc++";
				CLANG_ENABLE_MODULES = YES;
				CLANG_ENABLE_OBJC_ARC = YES;
				CLANG_WARN_BLOCK_CAPTURE_AUTORELEASING = YES;
				CLANG_WARN_BOOL_CONVERSION = YES;
				CLANG_WARN_COMMA = YES;
				CLANG_WARN_CONSTANT_CONVERSION = YES;
				CLANG_WARN_DIRECT_OBJC_ISA_USAGE = YES_ERROR;
				CLANG_WARN_DOCUMENTATION_COMMENTS = YES;
				CLANG_WARN_EMPTY_BODY = YES;
				CLANG_WARN_ENUM_CONVERSION = YES;
				CLANG_WARN_INFINITE_RECURSION = YES;
				CLANG_WARN_INT_CONVERSION = YES;
				CLANG_WARN_NON_LITERAL_NULL_CONVERSION = YES;
				CLANG_WARN_OBJC_LITERAL_CONVERSION = YES;
				CLANG_WARN_OBJC_ROOT_CLASS = YES_ERROR;
				CLANG_WARN_RANGE_LOOP_ANALYSIS = YES;
				CLANG_WARN_STRICT_PROTOTYPES = YES;
				CLANG_WARN_SUSPICIOUS_MOVE = YES;
				CLANG_WARN_UNGUARDED_AVAILABILITY = YES_AGGRESSIVE;
				CLANG_WARN_UNREACHABLE_CODE = YES;
				CLANG_WARN__DUPLICATE_METHOD_MATCH = YES;
				CODE_SIGN_IDENTITY = "-";
				COPY_PHASE_STRIP = NO;
				DEBUG_INFORMATION_FORMAT = "dwarf-with-dsym";
				ENABLE_NS_ASSERTIONS = NO;
				ENABLE_STRICT_OBJC_MSGSEND = YES;
				GCC_C_LANGUAGE_STANDARD = gnu11;
				GCC_NO_COMMON_BLOCKS = YES;
				GCC_WARN_64_TO_32_BIT_CONVERSION = YES;
				GCC_WARN_ABOUT_RETURN_TYPE = YES_ERROR;
				GCC_WARN_UNDECLARED_SELECTOR = YES;
				GCC_WARN_UNINITIALIZED_AUTOS = YES_AGGRESSIVE;
				GCC_WARN_UNUSED_FUNCTION = YES;
				GCC_WARN_UNUSED_VARIABLE = YES;
				MACOSX_DEPLOYMENT_TARGET = 10.12;
				MTL_ENABLE_DEBUG_INFO = NO;
				SDKROOT = macosx;
			};
			name = Release;
		};
		88B18D661FBAEEF700AD1B1D /* Debug */ = {
			isa = XCBuildConfiguration;
			buildSettings = {
				CODE_SIGN_STYLE = Automatic;
				PRODUCT_NAME = "$(TARGET_NAME)";
			};
			name = Debug;
		};
		88B18D671FBAEEF700AD1B1D /* Release */ = {
			isa = XCBuildConfiguration;
			buildSettings = {
				CODE_SIGN_STYLE = Automatic;
				PRODUCT_NAME = "$(TARGET_NAME)";
			};
			name = Release;
		};
/* End XCBuildConfiguration section */

/* Begin XCConfigurationList section */
		88B18D591FBAEEF700AD1B1D /* Build configuration list for PBXProject "Visitor" */ = {
			isa = XCConfigurationList;
			buildConfigurations = (
				88B18D631FBAEEF700AD1B1D /* Debug */,
				88B18D641FBAEEF700AD1B1D /* Release */,
			);
			defaultConfigurationIsVisible = 0;
			defaultConfigurationName = Release;
		};
		88B18D651FBAEEF700AD1B1D /* Build configuration list for PBXNativeTarget "Visitor" */ = {
			isa = XCConfigurationList;
			buildConfigurations = (
				88B18D661FBAEEF700AD1B1D /* Debug */,
				88B18D671FBAEEF700AD1B1D /* Release */,
			);
			defaultConfigurationIsVisible = 0;
			defaultConfigurationName = Release;
		};
/* End XCConfigurationList section */
	};
	rootObject = 88B18D561FBAEEF700AD1B1D /* Project object */;
}
